
Microsoft Visual Studio Solution File, Format Version 12.00
# Visual Studio 2013
VisualStudioVersion = 12.0.21005.1
MinimumVisualStudioVersion = 10.0.40219.1
Project("{FAE04EC0-301F-11D3-BF4B-00C04F79EFBC}") = "OrganizationChart", "OrganizationChart\OrganizationChart.csproj", "{896D2CB9-6435-42F4-90EB-116731C206DF}"
EndProject
Project("{FAE04EC0-301F-11D3-BF4B-00C04F79EFBC}") = "UserProfileSchedular", "UserProfileSchedular\UserProfileSchedular.csproj", "{3FF91DB3-5B5C-44F3-967A-9D62AA284052}"
EndProject
Project("{FAE04EC0-301F-11D3-BF4B-00C04F79EFBC}") = "ExcelUploader", "ExcelUploader\ExcelUploader.csproj", "{42E4FE8F-C44E-4EB2-A068-6E453D987B4C}"
EndProject
Project("{FAE04EC0-301F-11D3-BF4B-00C04F79EFBC}") = "ChartSchedular", "ChartSchedular\ChartSchedular.csproj", "{97B0861F-18F7-4221-ADB2-D51C36D608CD}"
EndProject
Project("{FAE04EC0-301F-11D3-BF4B-00C04F79EFBC}") = "MonthRangeChartSchedular", "MonthRangeChartSchedular\MonthRangeChartSchedular.csproj", "{37277A46-C5F4-4A00-AA86-CD686A305A85}"
EndProject
Project("{FAE04EC0-301F-11D3-BF4B-00C04F79EFBC}") = "FinalChart", "FinalChart\FinalChart.csproj", "{4E0FC073-26DF-48DF-9066-E1B0FB58C6E5}"
EndProject
Global
	GlobalSection(SolutionConfigurationPlatforms) = preSolution
		Debug|Any CPU = Debug|Any CPU
		Release|Any CPU = Release|Any CPU
	EndGlobalSection
	GlobalSection(ProjectConfigurationPlatforms) = postSolution
		{896D2CB9-6435-42F4-90EB-116731C206DF}.Debug|Any CPU.ActiveCfg = Debug|Any CPU
		{896D2CB9-6435-42F4-90EB-116731C206DF}.Debug|Any CPU.Build.0 = Debug|Any CPU
		{896D2CB9-6435-42F4-90EB-116731C206DF}.Debug|Any CPU.Deploy.0 = Debug|Any CPU
		{896D2CB9-6435-42F4-90EB-116731C206DF}.Release|Any CPU.ActiveCfg = Release|Any CPU
		{896D2CB9-6435-42F4-90EB-116731C206DF}.Release|Any CPU.Build.0 = Release|Any CPU
		{896D2CB9-6435-42F4-90EB-116731C206DF}.Release|Any CPU.Deploy.0 = Release|Any CPU
		{3FF91DB3-5B5C-44F3-967A-9D62AA284052}.Debug|Any CPU.ActiveCfg = Debug|Any CPU
		{3FF91DB3-5B5C-44F3-967A-9D62AA284052}.Debug|Any CPU.Build.0 = Debug|Any CPU
		{3FF91DB3-5B5C-44F3-967A-9D62AA284052}.Release|Any CPU.ActiveCfg = Release|Any CPU
		{3FF91DB3-5B5C-44F3-967A-9D62AA284052}.Release|Any CPU.Build.0 = Release|Any CPU
		{42E4FE8F-C44E-4EB2-A068-6E453D987B4C}.Debug|Any CPU.ActiveCfg = Debug|Any CPU
		{42E4FE8F-C44E-4EB2-A068-6E453D987B4C}.Debug|Any CPU.Build.0 = Debug|Any CPU
		{42E4FE8F-C44E-4EB2-A068-6E453D987B4C}.Debug|Any CPU.Deploy.0 = Debug|Any CPU
		{42E4FE8F-C44E-4EB2-A068-6E453D987B4C}.Release|Any CPU.ActiveCfg = Release|Any CPU
		{42E4FE8F-C44E-4EB2-A068-6E453D987B4C}.Release|Any CPU.Build.0 = Release|Any CPU
		{42E4FE8F-C44E-4EB2-A068-6E453D987B4C}.Release|Any CPU.Deploy.0 = Release|Any CPU
		{97B0861F-18F7-4221-ADB2-D51C36D608CD}.Debug|Any CPU.ActiveCfg = Debug|Any CPU
		{97B0861F-18F7-4221-ADB2-D51C36D608CD}.Debug|Any CPU.Build.0 = Debug|Any CPU
		{97B0861F-18F7-4221-ADB2-D51C36D608CD}.Release|Any CPU.ActiveCfg = Release|Any CPU
		{97B0861F-18F7-4221-ADB2-D51C36D608CD}.Release|Any CPU.Build.0 = Release|Any CPU
		{37277A46-C5F4-4A00-AA86-CD686A305A85}.Debug|Any CPU.ActiveCfg = Debug|Any CPU
		{37277A46-C5F4-4A00-AA86-CD686A305A85}.Debug|Any CPU.Build.0 = Debug|Any CPU
		{37277A46-C5F4-4A00-AA86-CD686A305A85}.Release|Any CPU.ActiveCfg = Release|Any CPU
		{37277A46-C5F4-4A00-AA86-CD686A305A85}.Release|Any CPU.Build.0 = Release|Any CPU
		{4E0FC073-26DF-48DF-9066-E1B0FB58C6E5}.Debug|Any CPU.ActiveCfg = Debug|Any CPU
		{4E0FC073-26DF-48DF-9066-E1B0FB58C6E5}.Debug|Any CPU.Build.0 = Debug|Any CPU
		{4E0FC073-26DF-48DF-9066-E1B0FB58C6E5}.Debug|Any CPU.Deploy.0 = Debug|Any CPU
		{4E0FC073-26DF-48DF-9066-E1B0FB58C6E5}.Release|Any CPU.ActiveCfg = Release|Any CPU
		{4E0FC073-26DF-48DF-9066-E1B0FB58C6E5}.Release|Any CPU.Build.0 = Release|Any CPU
		{4E0FC073-26DF-48DF-9066-E1B0FB58C6E5}.Release|Any CPU.Deploy.0 = Release|Any CPU
	EndGlobalSection
	GlobalSection(SolutionProperties) = preSolution
		HideSolutionNode = FALSE
	EndGlobalSection
EndGlobal
